
Microsoft Visual Studio Solution File, Format Version 11.00
# Visual Studio 2010
Project("{FAE04EC0-301F-11D3-BF4B-00C04F79EFBC}") = "VR-MultiGames", "Assembly-CSharp.csproj", "{F72D574D-2511-F830-A105-0E590FF608E1}"
EndProject
Project("{4AD06F89-5AF3-6197-CEED-C7D2F5A4243B}") = "VR-MultiGames", "Assembly-UnityScript.unityproj", "{749E16C0-45E6-B556-A3F4-C26C159374AF}"
EndProject
Global
	GlobalSection(SolutionConfigurationPlatforms) = preSolution
		Debug|Any CPU = Debug|Any CPU
		Release|Any CPU = Release|Any CPU
	EndGlobalSection
	GlobalSection(ProjectConfigurationPlatforms) = postSolution
		{F72D574D-2511-F830-A105-0E590FF608E1}.Debug|Any CPU.ActiveCfg = Debug|Any CPU
		{F72D574D-2511-F830-A105-0E590FF608E1}.Debug|Any CPU.Build.0 = Debug|Any CPU
		{F72D574D-2511-F830-A105-0E590FF608E1}.Release|Any CPU.ActiveCfg = Release|Any CPU
		{F72D574D-2511-F830-A105-0E590FF608E1}.Release|Any CPU.Build.0 = Release|Any CPU
		{749E16C0-45E6-B556-A3F4-C26C159374AF}.Debug|Any CPU.ActiveCfg = Debug|Any CPU
		{749E16C0-45E6-B556-A3F4-C26C159374AF}.Debug|Any CPU.Build.0 = Debug|Any CPU
		{749E16C0-45E6-B556-A3F4-C26C159374AF}.Release|Any CPU.ActiveCfg = Release|Any CPU
		{749E16C0-45E6-B556-A3F4-C26C159374AF}.Release|Any CPU.Build.0 = Release|Any CPU
	EndGlobalSection
	GlobalSection(SolutionProperties) = preSolution
		HideSolutionNode = FALSE
	EndGlobalSection
	GlobalSection(MonoDevelopProperties) = preSolution
		StartupItem = Assembly-CSharp.csproj
	EndGlobalSection
EndGlobal
